
Microsoft Visual Studio Solution File, Format Version 12.00
# Visual Studio Version 16
VisualStudioVersion = 16.0.30128.74
MinimumVisualStudioVersion = 10.0.40219.1
Project("{9A19103F-16F7-4668-BE54-9A1E7A4F7556}") = "MyLambdaFunction", "MyLambdaFunction.csproj", "{6BFF53E3-33FE-4010-A306-42A248D121D8}"
EndProject
Global
	GlobalSection(SolutionConfigurationPlatforms) = preSolution
		Debug|Any CPU = Debug|Any CPU
		Release|Any CPU = Release|Any CPU
	EndGlobalSection
	GlobalSection(ProjectConfigurationPlatforms) = postSolution
		{6BFF53E3-33FE-4010-A306-42A248D121D8}.Debug|Any CPU.ActiveCfg = Debug|Any CPU
		{6BFF53E3-33FE-4010-A306-42A248D121D8}.Debug|Any CPU.Build.0 = Debug|Any CPU
		{6BFF53E3-33FE-4010-A306-42A248D121D8}.Release|Any CPU.ActiveCfg = Release|Any CPU
		{6BFF53E3-33FE-4010-A306-42A248D121D8}.Release|Any CPU.Build.0 = Release|Any CPU
	EndGlobalSection
	GlobalSection(SolutionProperties) = preSolution
		HideSolutionNode = FALSE
	EndGlobalSection
	GlobalSection(ExtensibilityGlobals) = postSolution
		SolutionGuid = {230F5321-0A27-45C2-8A83-CC297DBD3253}
	EndGlobalSection
EndGlobal
